
Microsoft Visual Studio Solution File, Format Version 12.00
# Visual Studio 15
VisualStudioVersion = 15.0.27130.2010
MinimumVisualStudioVersion = 10.0.40219.1
Project("{FAE04EC0-301F-11D3-BF4B-00C04F79EFBC}") = "NetBlade.Mask", "NetBlade.Mask\NetBlade.Mask.csproj", "{ADEC8375-F6C3-4059-B05C-0B0325463936}"
EndProject
Project("{FAE04EC0-301F-11D3-BF4B-00C04F79EFBC}") = "NetBlade.Mask.MVC", "NetBlade.Mask.MVC\NetBlade.Mask.MVC.csproj", "{2F29E7E2-027B-48FC-8369-8F9177D92EEA}"
EndProject
Project("{2150E333-8FDC-42A3-9474-1A3956D46DE8}") = "Mask", "Mask", "{371A0C36-5548-4F07-8305-08A809E85D3B}"
EndProject
Project("{2150E333-8FDC-42A3-9474-1A3956D46DE8}") = "Test", "Test", "{579915DC-5563-4EB2-8FCE-9200646D9240}"
EndProject
Project("{FAE04EC0-301F-11D3-BF4B-00C04F79EFBC}") = "NetBlade.Mask.UnitTestProject", "NetBlade.Mask.UnitTestProject\NetBlade.Mask.UnitTestProject.csproj", "{50B22F34-06D2-41D3-B353-D0831004E28A}"
EndProject
Project("{2150E333-8FDC-42A3-9474-1A3956D46DE8}") = "Cache", "Cache", "{9F0FDB15-01F4-4A81-8888-A9995C7A3BA8}"
EndProject
Project("{FAE04EC0-301F-11D3-BF4B-00C04F79EFBC}") = "NetBlade.Cache", "NetBlade.Cache\NetBlade.Cache.csproj", "{BC4938A4-FEB3-4137-9E7D-B0A568E579D3}"
EndProject
Project("{2150E333-8FDC-42A3-9474-1A3956D46DE8}") = "Test", "Test", "{20BFB783-B27E-4D34-8CF0-F54C810C80F5}"
EndProject
Project("{FAE04EC0-301F-11D3-BF4B-00C04F79EFBC}") = "NetBlade.Cache.UnitTestProject", "NetBlade.Cache.UnitTestProject\NetBlade.Cache.UnitTestProject.csproj", "{9066589C-AAEA-44B1-9E42-9440185BC738}"
EndProject
Project("{FAE04EC0-301F-11D3-BF4B-00C04F79EFBC}") = "NetBlade.Mask.MVC.Teste", "NetBlade.Mask.MVC.Teste\NetBlade.Mask.MVC.Teste.csproj", "{F989E57A-FAF6-439C-80D3-CB879E937FC2}"
EndProject
Project("{2150E333-8FDC-42A3-9474-1A3956D46DE8}") = "Nuget", "Nuget", "{2B90B8EF-EC6A-4E6B-AB00-78730BCB1B74}"
EndProject
Project("{2150E333-8FDC-42A3-9474-1A3956D46DE8}") = "Nuget", "Nuget", "{F9AA7249-28EC-41DB-81C6-5FA751429808}"
EndProject
Project("{2150E333-8FDC-42A3-9474-1A3956D46DE8}") = "ServiceModel", "ServiceModel", "{66B2A148-C9AB-415D-B363-4AAF5BCD9BB9}"
EndProject
Project("{FAE04EC0-301F-11D3-BF4B-00C04F79EFBC}") = "Packager.ServiceModel", "Packager.ServiceModel\Packager.ServiceModel.csproj", "{3B248314-E332-4612-A118-2B806E5C24D1}"
EndProject
Project("{2150E333-8FDC-42A3-9474-1A3956D46DE8}") = "Nuget", "Nuget", "{C0F18B77-F9DF-4832-8800-10E2B3DCBAD1}"
EndProject
Project("{2150E333-8FDC-42A3-9474-1A3956D46DE8}") = "Test", "Test", "{6D9D49D1-BEE7-4932-B868-4751DEC66FDB}"
EndProject
Project("{FAE04EC0-301F-11D3-BF4B-00C04F79EFBC}") = "Packager.ServiceModel.WCF.Impl.Test", "Packager.ServiceModel.WCF.Impl.Test\Packager.ServiceModel.WCF.Impl.Test.csproj", "{33E6965E-05B2-4205-B4D1-F4AD57CF8253}"
EndProject
Project("{FAE04EC0-301F-11D3-BF4B-00C04F79EFBC}") = "Packager.ServiceModel.WCF.Spec.Test", "Packager.ServiceModel.WCF.Spec.Test\Packager.ServiceModel.WCF.Spec.Test.csproj", "{55CDDD28-174B-4457-BA16-70B30394543E}"
EndProject
Project("{FAE04EC0-301F-11D3-BF4B-00C04F79EFBC}") = "Packager.ServiceModel.WCF.Test", "Packager.ServiceModel.WCF.Test\Packager.ServiceModel.WCF.Test.csproj", "{807993C6-FE9D-46AC-92F9-E98507D00445}"
EndProject
Project("{2150E333-8FDC-42A3-9474-1A3956D46DE8}") = "Validation", "Validation", "{868ADDC0-B771-4578-92AA-417BDA8173EE}"
EndProject
Project("{2150E333-8FDC-42A3-9474-1A3956D46DE8}") = "Nuget", "Nuget", "{7ACFA5F3-DE75-46B9-ACE0-09DBE67F7D29}"
EndProject
Project("{2150E333-8FDC-42A3-9474-1A3956D46DE8}") = "Test", "Test", "{A2B20DAE-12CA-414F-A363-3AE071FA8880}"
EndProject
Project("{FAE04EC0-301F-11D3-BF4B-00C04F79EFBC}") = "NetBlade.Validation", "Validation\NetBlade.Validation\NetBlade.Validation.csproj", "{EAA4B3B5-CF3F-45FF-953A-67C15F8235B5}"
EndProject
Project("{FAE04EC0-301F-11D3-BF4B-00C04F79EFBC}") = "NetBlade.Validation.Test", "Validation\Test\NetBlade.Validation.Test\NetBlade.Validation.Test.csproj", "{ACFE9C7F-1C66-43A2-804C-62A55FCA98D9}"
EndProject
Global
	GlobalSection(SolutionConfigurationPlatforms) = preSolution
		Debug|Any CPU = Debug|Any CPU
		Release|Any CPU = Release|Any CPU
	EndGlobalSection
	GlobalSection(ProjectConfigurationPlatforms) = postSolution
		{ADEC8375-F6C3-4059-B05C-0B0325463936}.Debug|Any CPU.ActiveCfg = Debug|Any CPU
		{ADEC8375-F6C3-4059-B05C-0B0325463936}.Debug|Any CPU.Build.0 = Debug|Any CPU
		{ADEC8375-F6C3-4059-B05C-0B0325463936}.Release|Any CPU.ActiveCfg = Release|Any CPU
		{ADEC8375-F6C3-4059-B05C-0B0325463936}.Release|Any CPU.Build.0 = Release|Any CPU
		{2F29E7E2-027B-48FC-8369-8F9177D92EEA}.Debug|Any CPU.ActiveCfg = Debug|Any CPU
		{2F29E7E2-027B-48FC-8369-8F9177D92EEA}.Debug|Any CPU.Build.0 = Debug|Any CPU
		{2F29E7E2-027B-48FC-8369-8F9177D92EEA}.Release|Any CPU.ActiveCfg = Release|Any CPU
		{2F29E7E2-027B-48FC-8369-8F9177D92EEA}.Release|Any CPU.Build.0 = Release|Any CPU
		{50B22F34-06D2-41D3-B353-D0831004E28A}.Debug|Any CPU.ActiveCfg = Debug|Any CPU
		{50B22F34-06D2-41D3-B353-D0831004E28A}.Debug|Any CPU.Build.0 = Debug|Any CPU
		{50B22F34-06D2-41D3-B353-D0831004E28A}.Release|Any CPU.ActiveCfg = Release|Any CPU
		{50B22F34-06D2-41D3-B353-D0831004E28A}.Release|Any CPU.Build.0 = Release|Any CPU
		{BC4938A4-FEB3-4137-9E7D-B0A568E579D3}.Debug|Any CPU.ActiveCfg = Debug|Any CPU
		{BC4938A4-FEB3-4137-9E7D-B0A568E579D3}.Debug|Any CPU.Build.0 = Debug|Any CPU
		{BC4938A4-FEB3-4137-9E7D-B0A568E579D3}.Release|Any CPU.ActiveCfg = Release|Any CPU
		{BC4938A4-FEB3-4137-9E7D-B0A568E579D3}.Release|Any CPU.Build.0 = Release|Any CPU
		{9066589C-AAEA-44B1-9E42-9440185BC738}.Debug|Any CPU.ActiveCfg = Debug|Any CPU
		{9066589C-AAEA-44B1-9E42-9440185BC738}.Debug|Any CPU.Build.0 = Debug|Any CPU
		{9066589C-AAEA-44B1-9E42-9440185BC738}.Release|Any CPU.ActiveCfg = Release|Any CPU
		{9066589C-AAEA-44B1-9E42-9440185BC738}.Release|Any CPU.Build.0 = Release|Any CPU
		{F989E57A-FAF6-439C-80D3-CB879E937FC2}.Debug|Any CPU.ActiveCfg = Debug|Any CPU
		{F989E57A-FAF6-439C-80D3-CB879E937FC2}.Debug|Any CPU.Build.0 = Debug|Any CPU
		{F989E57A-FAF6-439C-80D3-CB879E937FC2}.Release|Any CPU.ActiveCfg = Release|Any CPU
		{F989E57A-FAF6-439C-80D3-CB879E937FC2}.Release|Any CPU.Build.0 = Release|Any CPU
		{3B248314-E332-4612-A118-2B806E5C24D1}.Debug|Any CPU.ActiveCfg = Debug|Any CPU
		{3B248314-E332-4612-A118-2B806E5C24D1}.Debug|Any CPU.Build.0 = Debug|Any CPU
		{3B248314-E332-4612-A118-2B806E5C24D1}.Release|Any CPU.ActiveCfg = Release|Any CPU
		{3B248314-E332-4612-A118-2B806E5C24D1}.Release|Any CPU.Build.0 = Release|Any CPU
		{33E6965E-05B2-4205-B4D1-F4AD57CF8253}.Debug|Any CPU.ActiveCfg = Debug|Any CPU
		{33E6965E-05B2-4205-B4D1-F4AD57CF8253}.Debug|Any CPU.Build.0 = Debug|Any CPU
		{33E6965E-05B2-4205-B4D1-F4AD57CF8253}.Release|Any CPU.ActiveCfg = Release|Any CPU
		{33E6965E-05B2-4205-B4D1-F4AD57CF8253}.Release|Any CPU.Build.0 = Release|Any CPU
		{55CDDD28-174B-4457-BA16-70B30394543E}.Debug|Any CPU.ActiveCfg = Debug|Any CPU
		{55CDDD28-174B-4457-BA16-70B30394543E}.Debug|Any CPU.Build.0 = Debug|Any CPU
		{55CDDD28-174B-4457-BA16-70B30394543E}.Release|Any CPU.ActiveCfg = Release|Any CPU
		{55CDDD28-174B-4457-BA16-70B30394543E}.Release|Any CPU.Build.0 = Release|Any CPU
		{807993C6-FE9D-46AC-92F9-E98507D00445}.Debug|Any CPU.ActiveCfg = Debug|Any CPU
		{807993C6-FE9D-46AC-92F9-E98507D00445}.Debug|Any CPU.Build.0 = Debug|Any CPU
		{807993C6-FE9D-46AC-92F9-E98507D00445}.Release|Any CPU.ActiveCfg = Release|Any CPU
		{807993C6-FE9D-46AC-92F9-E98507D00445}.Release|Any CPU.Build.0 = Release|Any CPU
		{EAA4B3B5-CF3F-45FF-953A-67C15F8235B5}.Debug|Any CPU.ActiveCfg = Debug|Any CPU
		{EAA4B3B5-CF3F-45FF-953A-67C15F8235B5}.Debug|Any CPU.Build.0 = Debug|Any CPU
		{EAA4B3B5-CF3F-45FF-953A-67C15F8235B5}.Release|Any CPU.ActiveCfg = Release|Any CPU
		{EAA4B3B5-CF3F-45FF-953A-67C15F8235B5}.Release|Any CPU.Build.0 = Release|Any CPU
		{ACFE9C7F-1C66-43A2-804C-62A55FCA98D9}.Debug|Any CPU.ActiveCfg = Debug|Any CPU
		{ACFE9C7F-1C66-43A2-804C-62A55FCA98D9}.Debug|Any CPU.Build.0 = Debug|Any CPU
		{ACFE9C7F-1C66-43A2-804C-62A55FCA98D9}.Release|Any CPU.ActiveCfg = Release|Any CPU
		{ACFE9C7F-1C66-43A2-804C-62A55FCA98D9}.Release|Any CPU.Build.0 = Release|Any CPU
	EndGlobalSection
	GlobalSection(SolutionProperties) = preSolution
		HideSolutionNode = FALSE
	EndGlobalSection
	GlobalSection(NestedProjects) = preSolution
		{ADEC8375-F6C3-4059-B05C-0B0325463936} = {371A0C36-5548-4F07-8305-08A809E85D3B}
		{2F29E7E2-027B-48FC-8369-8F9177D92EEA} = {371A0C36-5548-4F07-8305-08A809E85D3B}
		{579915DC-5563-4EB2-8FCE-9200646D9240} = {371A0C36-5548-4F07-8305-08A809E85D3B}
		{50B22F34-06D2-41D3-B353-D0831004E28A} = {579915DC-5563-4EB2-8FCE-9200646D9240}
		{BC4938A4-FEB3-4137-9E7D-B0A568E579D3} = {9F0FDB15-01F4-4A81-8888-A9995C7A3BA8}
		{20BFB783-B27E-4D34-8CF0-F54C810C80F5} = {9F0FDB15-01F4-4A81-8888-A9995C7A3BA8}
		{9066589C-AAEA-44B1-9E42-9440185BC738} = {20BFB783-B27E-4D34-8CF0-F54C810C80F5}
		{F989E57A-FAF6-439C-80D3-CB879E937FC2} = {579915DC-5563-4EB2-8FCE-9200646D9240}
		{2B90B8EF-EC6A-4E6B-AB00-78730BCB1B74} = {371A0C36-5548-4F07-8305-08A809E85D3B}
		{F9AA7249-28EC-41DB-81C6-5FA751429808} = {9F0FDB15-01F4-4A81-8888-A9995C7A3BA8}
		{3B248314-E332-4612-A118-2B806E5C24D1} = {66B2A148-C9AB-415D-B363-4AAF5BCD9BB9}
		{C0F18B77-F9DF-4832-8800-10E2B3DCBAD1} = {66B2A148-C9AB-415D-B363-4AAF5BCD9BB9}
		{6D9D49D1-BEE7-4932-B868-4751DEC66FDB} = {66B2A148-C9AB-415D-B363-4AAF5BCD9BB9}
		{33E6965E-05B2-4205-B4D1-F4AD57CF8253} = {6D9D49D1-BEE7-4932-B868-4751DEC66FDB}
		{55CDDD28-174B-4457-BA16-70B30394543E} = {6D9D49D1-BEE7-4932-B868-4751DEC66FDB}
		{807993C6-FE9D-46AC-92F9-E98507D00445} = {6D9D49D1-BEE7-4932-B868-4751DEC66FDB}
		{7ACFA5F3-DE75-46B9-ACE0-09DBE67F7D29} = {868ADDC0-B771-4578-92AA-417BDA8173EE}
		{A2B20DAE-12CA-414F-A363-3AE071FA8880} = {868ADDC0-B771-4578-92AA-417BDA8173EE}
		{EAA4B3B5-CF3F-45FF-953A-67C15F8235B5} = {868ADDC0-B771-4578-92AA-417BDA8173EE}
		{ACFE9C7F-1C66-43A2-804C-62A55FCA98D9} = {A2B20DAE-12CA-414F-A363-3AE071FA8880}
	EndGlobalSection
	GlobalSection(ExtensibilityGlobals) = postSolution
		SolutionGuid = {90826C84-8A71-4C42-9E8B-49EB1D1AB6BB}
	EndGlobalSection
EndGlobal
